
Microsoft Visual Studio Solution File, Format Version 12.00
# Visual Studio 15
Project("{FAE04EC0-301F-11D3-BF4B-00C04F79EFBC}") = "BigFarm", "BigFarm\BigFarm.csproj", "{A3990E91-CD7A-462B-A94F-D5D79149095C}"
EndProject
Global
	GlobalSection(SolutionConfigurationPlatforms) = preSolution
		Debug|Any CPU = Debug|Any CPU
		Release|Any CPU = Release|Any CPU
	EndGlobalSection
	GlobalSection(ProjectConfigurationPlatforms) = postSolution
		{A3990E91-CD7A-462B-A94F-D5D79149095C}.Debug|Any CPU.ActiveCfg = Debug|Any CPU
		{A3990E91-CD7A-462B-A94F-D5D79149095C}.Debug|Any CPU.Build.0 = Debug|Any CPU
		{A3990E91-CD7A-462B-A94F-D5D79149095C}.Release|Any CPU.ActiveCfg = Release|Any CPU
		{A3990E91-CD7A-462B-A94F-D5D79149095C}.Release|Any CPU.Build.0 = Release|Any CPU
	EndGlobalSection
EndGlobal
